
Microsoft Visual Studio Solution File, Format Version 12.00
# Visual Studio Version 17
VisualStudioVersion = 17.7.34202.233
MinimumVisualStudioVersion = 10.0.40219.1
Project("{8BC9CEB8-8B4A-11D0-8D11-00A0C91BC942}") = "PZ_03_5_2", "PZ_03_5_2.vcxproj", "{45615253-C35B-48F2-B504-903A79A91090}"
EndProject
Global
	GlobalSection(SolutionConfigurationPlatforms) = preSolution
		Debug|x64 = Debug|x64
		Debug|x86 = Debug|x86
		Release|x64 = Release|x64
		Release|x86 = Release|x86
	EndGlobalSection
	GlobalSection(ProjectConfigurationPlatforms) = postSolution
		{45615253-C35B-48F2-B504-903A79A91090}.Debug|x64.ActiveCfg = Debug|x64
		{45615253-C35B-48F2-B504-903A79A91090}.Debug|x64.Build.0 = Debug|x64
		{45615253-C35B-48F2-B504-903A79A91090}.Debug|x86.ActiveCfg = Debug|Win32
		{45615253-C35B-48F2-B504-903A79A91090}.Debug|x86.Build.0 = Debug|Win32
		{45615253-C35B-48F2-B504-903A79A91090}.Release|x64.ActiveCfg = Release|x64
		{45615253-C35B-48F2-B504-903A79A91090}.Release|x64.Build.0 = Release|x64
		{45615253-C35B-48F2-B504-903A79A91090}.Release|x86.ActiveCfg = Release|Win32
		{45615253-C35B-48F2-B504-903A79A91090}.Release|x86.Build.0 = Release|Win32
	EndGlobalSection
	GlobalSection(SolutionProperties) = preSolution
		HideSolutionNode = FALSE
	EndGlobalSection
	GlobalSection(ExtensibilityGlobals) = postSolution
		SolutionGuid = {7232F5F9-69E4-40C8-A7E3-360FC824F36E}
	EndGlobalSection
EndGlobal
